
Microsoft Visual Studio Solution File, Format Version 12.00
# Visual Studio Version 17
VisualStudioVersion = 17.4.33213.308
MinimumVisualStudioVersion = 10.0.40219.1
Project("{9A19103F-16F7-4668-BE54-9A1E7A4F7556}") = "Dependency Properties", "Dependency Properties\Dependency Properties.csproj", "{5B85A8E4-359D-4301-A966-8F781799C8C3}"
EndProject
Project("{FAE04EC0-301F-11D3-BF4B-00C04F79EFBC}") = "WindowsStoreClone", "WindowsStoreClone\WindowsStoreClone.csproj", "{6E6FBA3A-59F6-4BF3-B456-984FC4FB5E1F}"
EndProject
Project("{FAE04EC0-301F-11D3-BF4B-00C04F79EFBC}") = "Reservoom", "Reservoom\Reservoom.csproj", "{AAD188E9-FD97-4BBC-814D-8A4FC1058A83}"
EndProject
Global
	GlobalSection(SolutionConfigurationPlatforms) = preSolution
		Debug|Any CPU = Debug|Any CPU
		Release|Any CPU = Release|Any CPU
	EndGlobalSection
	GlobalSection(ProjectConfigurationPlatforms) = postSolution
		{5B85A8E4-359D-4301-A966-8F781799C8C3}.Debug|Any CPU.ActiveCfg = Debug|Any CPU
		{5B85A8E4-359D-4301-A966-8F781799C8C3}.Debug|Any CPU.Build.0 = Debug|Any CPU
		{5B85A8E4-359D-4301-A966-8F781799C8C3}.Release|Any CPU.ActiveCfg = Release|Any CPU
		{5B85A8E4-359D-4301-A966-8F781799C8C3}.Release|Any CPU.Build.0 = Release|Any CPU
		{6E6FBA3A-59F6-4BF3-B456-984FC4FB5E1F}.Debug|Any CPU.ActiveCfg = Debug|Any CPU
		{6E6FBA3A-59F6-4BF3-B456-984FC4FB5E1F}.Debug|Any CPU.Build.0 = Debug|Any CPU
		{6E6FBA3A-59F6-4BF3-B456-984FC4FB5E1F}.Release|Any CPU.ActiveCfg = Release|Any CPU
		{6E6FBA3A-59F6-4BF3-B456-984FC4FB5E1F}.Release|Any CPU.Build.0 = Release|Any CPU
		{AAD188E9-FD97-4BBC-814D-8A4FC1058A83}.Debug|Any CPU.ActiveCfg = Debug|Any CPU
		{AAD188E9-FD97-4BBC-814D-8A4FC1058A83}.Debug|Any CPU.Build.0 = Debug|Any CPU
		{AAD188E9-FD97-4BBC-814D-8A4FC1058A83}.Release|Any CPU.ActiveCfg = Release|Any CPU
		{AAD188E9-FD97-4BBC-814D-8A4FC1058A83}.Release|Any CPU.Build.0 = Release|Any CPU
	EndGlobalSection
	GlobalSection(SolutionProperties) = preSolution
		HideSolutionNode = FALSE
	EndGlobalSection
	GlobalSection(ExtensibilityGlobals) = postSolution
		SolutionGuid = {A6BD1FF1-AF3C-487B-88DC-AE2F33D76096}
	EndGlobalSection
EndGlobal
